
Microsoft Visual Studio Solution File, Format Version 12.00
# Visual Studio Version 16
VisualStudioVersion = 16.0.30309.148
MinimumVisualStudioVersion = 10.0.40219.1
Project("{FAE04EC0-301F-11D3-BF4B-00C04F79EFBC}") = "MoRM", "MoRM\MoRM.csproj", "{2DB951F5-8D26-467F-A6D2-359D590B9E37}"
EndProject
Global
	GlobalSection(SolutionConfigurationPlatforms) = preSolution
		Debug|Any CPU = Debug|Any CPU
		Release|Any CPU = Release|Any CPU
	EndGlobalSection
	GlobalSection(ProjectConfigurationPlatforms) = postSolution
		{2DB951F5-8D26-467F-A6D2-359D590B9E37}.Debug|Any CPU.ActiveCfg = Debug|Any CPU
		{2DB951F5-8D26-467F-A6D2-359D590B9E37}.Debug|Any CPU.Build.0 = Debug|Any CPU
		{2DB951F5-8D26-467F-A6D2-359D590B9E37}.Release|Any CPU.ActiveCfg = Release|Any CPU
		{2DB951F5-8D26-467F-A6D2-359D590B9E37}.Release|Any CPU.Build.0 = Release|Any CPU
	EndGlobalSection
	GlobalSection(SolutionProperties) = preSolution
		HideSolutionNode = FALSE
	EndGlobalSection
	GlobalSection(ExtensibilityGlobals) = postSolution
		SolutionGuid = {0BF84591-27A9-4C8C-97A7-E351445A9DF6}
	EndGlobalSection
EndGlobal
